// !$*UTF8*$!
{
	archiveVersion = 1;
	classes = {
	};
	objectVersion = 56;
	objects = {

/* Begin PBXBuildFile section */
		015A5F9429B68E8200E9CA57 /* DJIAircraftAnnotation.swift in Sources */ = {isa = PBXBuildFile; fileRef = 015A5F9329B68E8200E9CA57 /* DJIAircraftAnnotation.swift */; };
		01B0936829B6E87400A58671 /* DJIAircraftAnnotationView.swift in Sources */ = {isa = PBXBuildFile; fileRef = 01B0936729B6E87400A58671 /* DJIAircraftAnnotationView.swift */; };
		01B0936A29B6F3D100A58671 /* DemoUtility.swift in Sources */ = {isa = PBXBuildFile; fileRef = 01B0936929B6F3D100A58671 /* DemoUtility.swift */; };
		01B0936D29B7C5A100A58671 /* DJIGSButtonViewController.swift in Sources */ = {isa = PBXBuildFile; fileRef = 01B0936B29B7C5A100A58671 /* DJIGSButtonViewController.swift */; };
		01B0936E29B7C5A100A58671 /* DJIGSButtonViewController.xib in Resources */ = {isa = PBXBuildFile; fileRef = 01B0936C29B7C5A100A58671 /* DJIGSButtonViewController.xib */; };
		01B0937129BA491000A58671 /* DJIWaypointConfigViewController.swift in Sources */ = {isa = PBXBuildFile; fileRef = 01B0936F29BA491000A58671 /* DJIWaypointConfigViewController.swift */; };
		01B0937229BA491000A58671 /* DJIWaypointConfigViewController.xib in Resources */ = {isa = PBXBuildFile; fileRef = 01B0937029BA491000A58671 /* DJIWaypointConfigViewController.xib */; };
		01CCF8F829B64E3C00ABDC2C /* AppDelegate.swift in Sources */ = {isa = PBXBuildFile; fileRef = 01CCF8F729B64E3C00ABDC2C /* AppDelegate.swift */; };
		01CCF8FA29B64E3C00ABDC2C /* SceneDelegate.swift in Sources */ = {isa = PBXBuildFile; fileRef = 01CCF8F929B64E3C00ABDC2C /* SceneDelegate.swift */; };
		01CCF8FF29B64E3C00ABDC2C /* Main.storyboard in Resources */ = {isa = PBXBuildFile; fileRef = 01CCF8FD29B64E3C00ABDC2C /* Main.storyboard */; };
		01CCF90129B64E3E00ABDC2C /* Assets.xcassets in Resources */ = {isa = PBXBuildFile; fileRef = 01CCF90029B64E3E00ABDC2C /* Assets.xcassets */; };
		01CCF90429B64E3E00ABDC2C /* LaunchScreen.storyboard in Resources */ = {isa = PBXBuildFile; fileRef = 01CCF90229B64E3E00ABDC2C /* LaunchScreen.storyboard */; };
		01CCF90C29B64FAA00ABDC2C /* DJIRootViewController.swift in Sources */ = {isa = PBXBuildFile; fileRef = 01CCF90B29B64FAA00ABDC2C /* DJIRootViewController.swift */; };
		01CCF90E29B6548D00ABDC2C /* DJIMapController.swift in Sources */ = {isa = PBXBuildFile; fileRef = 01CCF90D29B6548D00ABDC2C /* DJIMapController.swift */; };
		01CDA82429D3803D00D4D782 /* map2.json in Resources */ = {isa = PBXBuildFile; fileRef = 01CDA82329D3803D00D4D782 /* map2.json */; };
		01CDA86129D6967200D4D782 /* yolov7.mlpackage in Sources */ = {isa = PBXBuildFile; fileRef = 01CDA86029D6967200D4D782 /* yolov7.mlpackage */; };
		01CDA86329D764B100D4D782 /* TinyYOLO.mlmodel in Sources */ = {isa = PBXBuildFile; fileRef = 01CDA86229D764B100D4D782 /* TinyYOLO.mlmodel */; };
		01CDA86529D7785A00D4D782 /* yolov5n.mlmodel in Sources */ = {isa = PBXBuildFile; fileRef = 01CDA86429D7785A00D4D782 /* yolov5n.mlmodel */; };
		01CDA86829D7AE8A00D4D782 /* ObjectDetection.swift in Sources */ = {isa = PBXBuildFile; fileRef = 01CDA86729D7AE8A00D4D782 /* ObjectDetection.swift */; };
		01CDA86A29D7AEEF00D4D782 /* Labeling.swift in Sources */ = {isa = PBXBuildFile; fileRef = 01CDA86929D7AEEF00D4D782 /* Labeling.swift */; };
		01FA3D1329CA4A9700344977 /* map1.json in Resources */ = {isa = PBXBuildFile; fileRef = 01FA3D1229CA4A9700344977 /* map1.json */; };
		01FA3D1529CA97DC00344977 /* MapNode.swift in Sources */ = {isa = PBXBuildFile; fileRef = 01FA3D1429CA97DC00344977 /* MapNode.swift */; };
		01FA3D1729CAA7F100344977 /* MapNodeAnnotation.swift in Sources */ = {isa = PBXBuildFile; fileRef = 01FA3D1629CAA7F100344977 /* MapNodeAnnotation.swift */; };
		01FA3D1929CAA9EF00344977 /* MapNodeAnnotationView.swift in Sources */ = {isa = PBXBuildFile; fileRef = 01FA3D1829CAA9EF00344977 /* MapNodeAnnotationView.swift */; };
		01FA3D1E29CFFB9A00344977 /* BoundingBox.swift in Sources */ = {isa = PBXBuildFile; fileRef = 01FA3D1D29CFFB9A00344977 /* BoundingBox.swift */; };
		01FA3D2429CFFBD900344977 /* YOLO.swift in Sources */ = {isa = PBXBuildFile; fileRef = 01FA3D2329CFFBD900344977 /* YOLO.swift */; };
		01FA3D2829CFFC7700344977 /* CVPixelBuffer+Helpers.swift in Sources */ = {isa = PBXBuildFile; fileRef = 01FA3D2729CFFC7700344977 /* CVPixelBuffer+Helpers.swift */; };
		01FA3D2A29CFFC8300344977 /* Helpers.swift in Sources */ = {isa = PBXBuildFile; fileRef = 01FA3D2929CFFC8300344977 /* Helpers.swift */; };
		01FA3D2C29CFFC9000344977 /* UIImage+CVPixelBuffer.swift in Sources */ = {isa = PBXBuildFile; fileRef = 01FA3D2B29CFFC9000344977 /* UIImage+CVPixelBuffer.swift */; };
		01FA3D3029CFFF1B00344977 /* DJIRootViewController+YOLO.swift in Sources */ = {isa = PBXBuildFile; fileRef = 01FA3D2F29CFFF1B00344977 /* DJIRootViewController+YOLO.swift */; };
		057491B5F1687FCEFD4CD282 /* Pods_GSDemo_Swift.framework in Frameworks */ = {isa = PBXBuildFile; fileRef = FB790064A99BC6656D4731BF /* Pods_GSDemo_Swift.framework */; };
/* End PBXBuildFile section */

/* Begin PBXFileReference section */
		015A5F9329B68E8200E9CA57 /* DJIAircraftAnnotation.swift */ = {isa = PBXFileReference; lastKnownFileType = sourcecode.swift; path = DJIAircraftAnnotation.swift; sourceTree = "<group>"; };
		01B0936729B6E87400A58671 /* DJIAircraftAnnotationView.swift */ = {isa = PBXFileReference; lastKnownFileType = sourcecode.swift; path = DJIAircraftAnnotationView.swift; sourceTree = "<group>"; };
		01B0936929B6F3D100A58671 /* DemoUtility.swift */ = {isa = PBXFileReference; lastKnownFileType = sourcecode.swift; path = DemoUtility.swift; sourceTree = "<group>"; };
		01B0936B29B7C5A100A58671 /* DJIGSButtonViewController.swift */ = {isa = PBXFileReference; lastKnownFileType = sourcecode.swift; path = DJIGSButtonViewController.swift; sourceTree = "<group>"; };
		01B0936C29B7C5A100A58671 /* DJIGSButtonViewController.xib */ = {isa = PBXFileReference; lastKnownFileType = file.xib; path = DJIGSButtonViewController.xib; sourceTree = "<group>"; };
		01B0936F29BA491000A58671 /* DJIWaypointConfigViewController.swift */ = {isa = PBXFileReference; lastKnownFileType = sourcecode.swift; path = DJIWaypointConfigViewController.swift; sourceTree = "<group>"; };
		01B0937029BA491000A58671 /* DJIWaypointConfigViewController.xib */ = {isa = PBXFileReference; lastKnownFileType = file.xib; path = DJIWaypointConfigViewController.xib; sourceTree = "<group>"; };
		01CCF8F429B64E3C00ABDC2C /* GSDemo-Swift.app */ = {isa = PBXFileReference; explicitFileType = wrapper.application; includeInIndex = 0; path = "GSDemo-Swift.app"; sourceTree = BUILT_PRODUCTS_DIR; };
		01CCF8F729B64E3C00ABDC2C /* AppDelegate.swift */ = {isa = PBXFileReference; lastKnownFileType = sourcecode.swift; path = AppDelegate.swift; sourceTree = "<group>"; };
		01CCF8F929B64E3C00ABDC2C /* SceneDelegate.swift */ = {isa = PBXFileReference; lastKnownFileType = sourcecode.swift; path = SceneDelegate.swift; sourceTree = "<group>"; };
		01CCF8FE29B64E3C00ABDC2C /* Base */ = {isa = PBXFileReference; lastKnownFileType = file.storyboard; name = Base; path = Base.lproj/Main.storyboard; sourceTree = "<group>"; };
		01CCF90029B64E3E00ABDC2C /* Assets.xcassets */ = {isa = PBXFileReference; lastKnownFileType = folder.assetcatalog; path = Assets.xcassets; sourceTree = "<group>"; };
		01CCF90329B64E3E00ABDC2C /* Base */ = {isa = PBXFileReference; lastKnownFileType = file.storyboard; name = Base; path = Base.lproj/LaunchScreen.storyboard; sourceTree = "<group>"; };
		01CCF90529B64E3E00ABDC2C /* Info.plist */ = {isa = PBXFileReference; lastKnownFileType = text.plist.xml; path = Info.plist; sourceTree = "<group>"; };
		01CCF90B29B64FAA00ABDC2C /* DJIRootViewController.swift */ = {isa = PBXFileReference; lastKnownFileType = sourcecode.swift; path = DJIRootViewController.swift; sourceTree = "<group>"; };
		01CCF90D29B6548D00ABDC2C /* DJIMapController.swift */ = {isa = PBXFileReference; lastKnownFileType = sourcecode.swift; path = DJIMapController.swift; sourceTree = "<group>"; };
		01CDA82329D3803D00D4D782 /* map2.json */ = {isa = PBXFileReference; fileEncoding = 4; lastKnownFileType = text.json; path = map2.json; sourceTree = "<group>"; };
		01CDA86029D6967200D4D782 /* yolov7.mlpackage */ = {isa = PBXFileReference; lastKnownFileType = folder.mlpackage; path = yolov7.mlpackage; sourceTree = "<group>"; };
		01CDA86229D764B100D4D782 /* TinyYOLO.mlmodel */ = {isa = PBXFileReference; lastKnownFileType = file.mlmodel; path = TinyYOLO.mlmodel; sourceTree = "<group>"; };
		01CDA86429D7785A00D4D782 /* yolov5n.mlmodel */ = {isa = PBXFileReference; lastKnownFileType = file.mlmodel; path = yolov5n.mlmodel; sourceTree = "<group>"; };
		01CDA86729D7AE8A00D4D782 /* ObjectDetection.swift */ = {isa = PBXFileReference; lastKnownFileType = sourcecode.swift; path = ObjectDetection.swift; sourceTree = "<group>"; };
		01CDA86929D7AEEF00D4D782 /* Labeling.swift */ = {isa = PBXFileReference; lastKnownFileType = sourcecode.swift; path = Labeling.swift; sourceTree = "<group>"; };
		01FA3D1229CA4A9700344977 /* map1.json */ = {isa = PBXFileReference; fileEncoding = 4; lastKnownFileType = text.json; path = map1.json; sourceTree = "<group>"; };
		01FA3D1429CA97DC00344977 /* MapNode.swift */ = {isa = PBXFileReference; lastKnownFileType = sourcecode.swift; path = MapNode.swift; sourceTree = "<group>"; };
		01FA3D1629CAA7F100344977 /* MapNodeAnnotation.swift */ = {isa = PBXFileReference; lastKnownFileType = sourcecode.swift; path = MapNodeAnnotation.swift; sourceTree = "<group>"; };
		01FA3D1829CAA9EF00344977 /* MapNodeAnnotationView.swift */ = {isa = PBXFileReference; lastKnownFileType = sourcecode.swift; path = MapNodeAnnotationView.swift; sourceTree = "<group>"; };
		01FA3D1D29CFFB9A00344977 /* BoundingBox.swift */ = {isa = PBXFileReference; fileEncoding = 4; lastKnownFileType = sourcecode.swift; path = BoundingBox.swift; sourceTree = "<group>"; };
		01FA3D2329CFFBD900344977 /* YOLO.swift */ = {isa = PBXFileReference; fileEncoding = 4; lastKnownFileType = sourcecode.swift; path = YOLO.swift; sourceTree = "<group>"; };
		01FA3D2729CFFC7700344977 /* CVPixelBuffer+Helpers.swift */ = {isa = PBXFileReference; fileEncoding = 4; lastKnownFileType = sourcecode.swift; path = "CVPixelBuffer+Helpers.swift"; sourceTree = "<group>"; };
		01FA3D2929CFFC8300344977 /* Helpers.swift */ = {isa = PBXFileReference; fileEncoding = 4; lastKnownFileType = sourcecode.swift; path = Helpers.swift; sourceTree = "<group>"; };
		01FA3D2B29CFFC9000344977 /* UIImage+CVPixelBuffer.swift */ = {isa = PBXFileReference; fileEncoding = 4; lastKnownFileType = sourcecode.swift; path = "UIImage+CVPixelBuffer.swift"; sourceTree = "<group>"; };
		01FA3D2F29CFFF1B00344977 /* DJIRootViewController+YOLO.swift */ = {isa = PBXFileReference; lastKnownFileType = sourcecode.swift; path = "DJIRootViewController+YOLO.swift"; sourceTree = "<group>"; };
		3278292941D89A5786E71D44 /* Pods-GSDemo-Swift.debug.xcconfig */ = {isa = PBXFileReference; includeInIndex = 1; lastKnownFileType = text.xcconfig; name = "Pods-GSDemo-Swift.debug.xcconfig"; path = "Target Support Files/Pods-GSDemo-Swift/Pods-GSDemo-Swift.debug.xcconfig"; sourceTree = "<group>"; };
		4EE1288561BDB72024F477EA /* Pods-GSDemo-Swift.release.xcconfig */ = {isa = PBXFileReference; includeInIndex = 1; lastKnownFileType = text.xcconfig; name = "Pods-GSDemo-Swift.release.xcconfig"; path = "Target Support Files/Pods-GSDemo-Swift/Pods-GSDemo-Swift.release.xcconfig"; sourceTree = "<group>"; };
		FB790064A99BC6656D4731BF /* Pods_GSDemo_Swift.framework */ = {isa = PBXFileReference; explicitFileType = wrapper.framework; includeInIndex = 0; path = Pods_GSDemo_Swift.framework; sourceTree = BUILT_PRODUCTS_DIR; };
/* End PBXFileReference section */

/* Begin PBXFrameworksBuildPhase section */
		01CCF8F129B64E3C00ABDC2C /* Frameworks */ = {
			isa = PBXFrameworksBuildPhase;
			buildActionMask = 2147483647;
			files = (
				057491B5F1687FCEFD4CD282 /* Pods_GSDemo_Swift.framework in Frameworks */,
			);
			runOnlyForDeploymentPostprocessing = 0;
		};
/* End PBXFrameworksBuildPhase section */

/* Begin PBXGroup section */
		01CCF8EB29B64E3C00ABDC2C = {
			isa = PBXGroup;
			children = (
				01CCF8F629B64E3C00ABDC2C /* GSDemo-Swift */,
				01CCF8F529B64E3C00ABDC2C /* Products */,
				B0B9BFEB98AC643C433A073C /* Pods */,
				E2AE93010D9E2E0D7B325CEE /* Frameworks */,
			);
			sourceTree = "<group>";
		};
		01CCF8F529B64E3C00ABDC2C /* Products */ = {
			isa = PBXGroup;
			children = (
				01CCF8F429B64E3C00ABDC2C /* GSDemo-Swift.app */,
			);
			name = Products;
			sourceTree = "<group>";
		};
		01CCF8F629B64E3C00ABDC2C /* GSDemo-Swift */ = {
			isa = PBXGroup;
			children = (
				01CDA86629D7AE3A00D4D782 /* Object Detection */,
				01FA3D1C29CFF60C00344977 /* YOLO */,
				01FA3D1B29CFF5E300344977 /* DJI */,
				01FA3D1129CA496400344977 /* MapData */,
				01CCF90B29B64FAA00ABDC2C /* DJIRootViewController.swift */,
				01FA3D2F29CFFF1B00344977 /* DJIRootViewController+YOLO.swift */,
				01CCF8F729B64E3C00ABDC2C /* AppDelegate.swift */,
				01CCF8F929B64E3C00ABDC2C /* SceneDelegate.swift */,
				01CCF8FD29B64E3C00ABDC2C /* Main.storyboard */,
				01CCF90229B64E3E00ABDC2C /* LaunchScreen.storyboard */,
				01CCF90029B64E3E00ABDC2C /* Assets.xcassets */,
				01CCF90529B64E3E00ABDC2C /* Info.plist */,
			);
			path = "GSDemo-Swift";
			sourceTree = "<group>";
		};
		01CDA86629D7AE3A00D4D782 /* Object Detection */ = {
			isa = PBXGroup;
			children = (
				01CDA86029D6967200D4D782 /* yolov7.mlpackage */,
				01CDA86729D7AE8A00D4D782 /* ObjectDetection.swift */,
				01CDA86929D7AEEF00D4D782 /* Labeling.swift */,
			);
			path = "Object Detection";
			sourceTree = "<group>";
		};
		01FA3D1129CA496400344977 /* MapData */ = {
			isa = PBXGroup;
			children = (
				01FA3D1229CA4A9700344977 /* map1.json */,
				01CDA82329D3803D00D4D782 /* map2.json */,
				01FA3D1429CA97DC00344977 /* MapNode.swift */,
				01FA3D1629CAA7F100344977 /* MapNodeAnnotation.swift */,
				01FA3D1829CAA9EF00344977 /* MapNodeAnnotationView.swift */,
			);
			path = MapData;
			sourceTree = "<group>";
		};
		01FA3D1B29CFF5E300344977 /* DJI */ = {
			isa = PBXGroup;
			children = (
				01B0936929B6F3D100A58671 /* DemoUtility.swift */,
				015A5F9329B68E8200E9CA57 /* DJIAircraftAnnotation.swift */,
				01B0936729B6E87400A58671 /* DJIAircraftAnnotationView.swift */,
				01CCF90D29B6548D00ABDC2C /* DJIMapController.swift */,
				01B0936B29B7C5A100A58671 /* DJIGSButtonViewController.swift */,
				01B0936C29B7C5A100A58671 /* DJIGSButtonViewController.xib */,
				01B0936F29BA491000A58671 /* DJIWaypointConfigViewController.swift */,
				01B0937029BA491000A58671 /* DJIWaypointConfigViewController.xib */,
			);
			path = DJI;
			sourceTree = "<group>";
		};
		01FA3D1C29CFF60C00344977 /* YOLO */ = {
			isa = PBXGroup;
			children = (
				01CDA86429D7785A00D4D782 /* yolov5n.mlmodel */,
				01CDA86229D764B100D4D782 /* TinyYOLO.mlmodel */,
				01FA3D1D29CFFB9A00344977 /* BoundingBox.swift */,
				01FA3D2729CFFC7700344977 /* CVPixelBuffer+Helpers.swift */,
				01FA3D2929CFFC8300344977 /* Helpers.swift */,
				01FA3D2B29CFFC9000344977 /* UIImage+CVPixelBuffer.swift */,
				01FA3D2329CFFBD900344977 /* YOLO.swift */,
			);
			path = YOLO;
			sourceTree = "<group>";
		};
		B0B9BFEB98AC643C433A073C /* Pods */ = {
			isa = PBXGroup;
			children = (
				3278292941D89A5786E71D44 /* Pods-GSDemo-Swift.debug.xcconfig */,
				4EE1288561BDB72024F477EA /* Pods-GSDemo-Swift.release.xcconfig */,
			);
			path = Pods;
			sourceTree = "<group>";
		};
		E2AE93010D9E2E0D7B325CEE /* Frameworks */ = {
			isa = PBXGroup;
			children = (
				FB790064A99BC6656D4731BF /* Pods_GSDemo_Swift.framework */,
			);
			name = Frameworks;
			sourceTree = "<group>";
		};
/* End PBXGroup section */

/* Begin PBXNativeTarget section */
		01CCF8F329B64E3C00ABDC2C /* GSDemo-Swift */ = {
			isa = PBXNativeTarget;
			buildConfigurationList = 01CCF90829B64E3E00ABDC2C /* Build configuration list for PBXNativeTarget "GSDemo-Swift" */;
			buildPhases = (
				39E5988483E1D9678DC423E9 /* [CP] Check Pods Manifest.lock */,
				01CCF8F029B64E3C00ABDC2C /* Sources */,
				01CCF8F129B64E3C00ABDC2C /* Frameworks */,
				01CCF8F229B64E3C00ABDC2C /* Resources */,
				52994CAAAA447CFC4E37D3CA /* [CP] Embed Pods Frameworks */,
			);
			buildRules = (
			);
			dependencies = (
			);
			name = "GSDemo-Swift";
			productName = "GSDemo-Swift";
			productReference = 01CCF8F429B64E3C00ABDC2C /* GSDemo-Swift.app */;
			productType = "com.apple.product-type.application";
		};
/* End PBXNativeTarget section */

/* Begin PBXProject section */
		01CCF8EC29B64E3C00ABDC2C /* Project object */ = {
			isa = PBXProject;
			attributes = {
				BuildIndependentTargetsInParallel = 1;
				LastSwiftUpdateCheck = 1420;
				LastUpgradeCheck = 1420;
				TargetAttributes = {
					01CCF8F329B64E3C00ABDC2C = {
						CreatedOnToolsVersion = 14.2;
					};
				};
			};
			buildConfigurationList = 01CCF8EF29B64E3C00ABDC2C /* Build configuration list for PBXProject "GSDemo-Swift" */;
			compatibilityVersion = "Xcode 14.0";
			developmentRegion = en;
			hasScannedForEncodings = 0;
			knownRegions = (
				en,
				Base,
			);
			mainGroup = 01CCF8EB29B64E3C00ABDC2C;
			productRefGroup = 01CCF8F529B64E3C00ABDC2C /* Products */;
			projectDirPath = "";
			projectRoot = "";
			targets = (
				01CCF8F329B64E3C00ABDC2C /* GSDemo-Swift */,
			);
		};
/* End PBXProject section */

/* Begin PBXResourcesBuildPhase section */
		01CCF8F229B64E3C00ABDC2C /* Resources */ = {
			isa = PBXResourcesBuildPhase;
			buildActionMask = 2147483647;
			files = (
				01B0936E29B7C5A100A58671 /* DJIGSButtonViewController.xib in Resources */,
				01B0937229BA491000A58671 /* DJIWaypointConfigViewController.xib in Resources */,
				01CCF90429B64E3E00ABDC2C /* LaunchScreen.storyboard in Resources */,
				01CDA82429D3803D00D4D782 /* map2.json in Resources */,
				01CCF90129B64E3E00ABDC2C /* Assets.xcassets in Resources */,
				01CCF8FF29B64E3C00ABDC2C /* Main.storyboard in Resources */,
				01FA3D1329CA4A9700344977 /* map1.json in Resources */,
			);
			runOnlyForDeploymentPostprocessing = 0;
		};
/* End PBXResourcesBuildPhase section */

/* Begin PBXShellScriptBuildPhase section */
		39E5988483E1D9678DC423E9 /* [CP] Check Pods Manifest.lock */ = {
			isa = PBXShellScriptBuildPhase;
			buildActionMask = 2147483647;
			files = (
			);
			inputFileListPaths = (
			);
			inputPaths = (
				"${PODS_PODFILE_DIR_PATH}/Podfile.lock",
				"${PODS_ROOT}/Manifest.lock",
			);
			name = "[CP] Check Pods Manifest.lock";
			outputFileListPaths = (
			);
			outputPaths = (
				"$(DERIVED_FILE_DIR)/Pods-GSDemo-Swift-checkManifestLockResult.txt",
			);
			runOnlyForDeploymentPostprocessing = 0;
			shellPath = /bin/sh;
			shellScript = "diff \"${PODS_PODFILE_DIR_PATH}/Podfile.lock\" \"${PODS_ROOT}/Manifest.lock\" > /dev/null\nif [ $? != 0 ] ; then\n    # print error to STDERR\n    echo \"error: The sandbox is not in sync with the Podfile.lock. Run 'pod install' or update your CocoaPods installation.\" >&2\n    exit 1\nfi\n# This output is used by Xcode 'outputs' to avoid re-running this script phase.\necho \"SUCCESS\" > \"${SCRIPT_OUTPUT_FILE_0}\"\n";
			showEnvVarsInLog = 0;
		};
		52994CAAAA447CFC4E37D3CA /* [CP] Embed Pods Frameworks */ = {
			isa = PBXShellScriptBuildPhase;
			buildActionMask = 2147483647;
			files = (
			);
			inputFileListPaths = (
				"${PODS_ROOT}/Target Support Files/Pods-GSDemo-Swift/Pods-GSDemo-Swift-frameworks-${CONFIGURATION}-input-files.xcfilelist",
			);
			name = "[CP] Embed Pods Frameworks";
			outputFileListPaths = (
				"${PODS_ROOT}/Target Support Files/Pods-GSDemo-Swift/Pods-GSDemo-Swift-frameworks-${CONFIGURATION}-output-files.xcfilelist",
			);
			runOnlyForDeploymentPostprocessing = 0;
			shellPath = /bin/sh;
			shellScript = "\"${PODS_ROOT}/Target Support Files/Pods-GSDemo-Swift/Pods-GSDemo-Swift-frameworks.sh\"\n";
			showEnvVarsInLog = 0;
		};
/* End PBXShellScriptBuildPhase section */

/* Begin PBXSourcesBuildPhase section */
		01CCF8F029B64E3C00ABDC2C /* Sources */ = {
			isa = PBXSourcesBuildPhase;
			buildActionMask = 2147483647;
			files = (
				01FA3D1929CAA9EF00344977 /* MapNodeAnnotationView.swift in Sources */,
				01CCF90C29B64FAA00ABDC2C /* DJIRootViewController.swift in Sources */,
				01FA3D1729CAA7F100344977 /* MapNodeAnnotation.swift in Sources */,
				015A5F9429B68E8200E9CA57 /* DJIAircraftAnnotation.swift in Sources */,
				01CCF8F829B64E3C00ABDC2C /* AppDelegate.swift in Sources */,
				01B0936829B6E87400A58671 /* DJIAircraftAnnotationView.swift in Sources */,
				01FA3D2829CFFC7700344977 /* CVPixelBuffer+Helpers.swift in Sources */,
				01FA3D2429CFFBD900344977 /* YOLO.swift in Sources */,
				01FA3D2C29CFFC9000344977 /* UIImage+CVPixelBuffer.swift in Sources */,
				01CDA86A29D7AEEF00D4D782 /* Labeling.swift in Sources */,
				01FA3D1529CA97DC00344977 /* MapNode.swift in Sources */,
				01B0936D29B7C5A100A58671 /* DJIGSButtonViewController.swift in Sources */,
				01CDA86329D764B100D4D782 /* TinyYOLO.mlmodel in Sources */,
				01CDA86829D7AE8A00D4D782 /* ObjectDetection.swift in Sources */,
				01B0937129BA491000A58671 /* DJIWaypointConfigViewController.swift in Sources */,
				01FA3D2A29CFFC8300344977 /* Helpers.swift in Sources */,
				01B0936A29B6F3D100A58671 /* DemoUtility.swift in Sources */,
				01CDA86129D6967200D4D782 /* yolov7.mlpackage in Sources */,
				01CCF90E29B6548D00ABDC2C /* DJIMapController.swift in Sources */,
				01FA3D1E29CFFB9A00344977 /* BoundingBox.swift in Sources */,
				01CDA86529D7785A00D4D782 /* yolov5n.mlmodel in Sources */,
				01FA3D3029CFFF1B00344977 /* DJIRootViewController+YOLO.swift in Sources */,
				01CCF8FA29B64E3C00ABDC2C /* SceneDelegate.swift in Sources */,
			);
			runOnlyForDeploymentPostprocessing = 0;
		};
/* End PBXSourcesBuildPhase section */

/* Begin PBXVariantGroup section */
		01CCF8FD29B64E3C00ABDC2C /* Main.storyboard */ = {
			isa = PBXVariantGroup;
			children = (
				01CCF8FE29B64E3C00ABDC2C /* Base */,
			);
			name = Main.storyboard;
			sourceTree = "<group>";
		};
		01CCF90229B64E3E00ABDC2C /* LaunchScreen.storyboard */ = {
			isa = PBXVariantGroup;
			children = (
				01CCF90329B64E3E00ABDC2C /* Base */,
			);
			name = LaunchScreen.storyboard;
			sourceTree = "<group>";
		};
/* End PBXVariantGroup section */

/* Begin XCBuildConfiguration section */
		01CCF90629B64E3E00ABDC2C /* Debug */ = {
			isa = XCBuildConfiguration;
			buildSettings = {
				ALWAYS_SEARCH_USER_PATHS = NO;
				CLANG_ANALYZER_NONNULL = YES;
				CLANG_ANALYZER_NUMBER_OBJECT_CONVERSION = YES_AGGRESSIVE;
				CLANG_CXX_LANGUAGE_STANDARD = "gnu++20";
				CLANG_ENABLE_MODULES = YES;
				CLANG_ENABLE_OBJC_ARC = YES;
				CLANG_ENABLE_OBJC_WEAK = YES;
				CLANG_WARN_BLOCK_CAPTURE_AUTORELEASING = YES;
				CLANG_WARN_BOOL_CONVERSION = YES;
				CLANG_WARN_COMMA = YES;
				CLANG_WARN_CONSTANT_CONVERSION = YES;
				CLANG_WARN_DEPRECATED_OBJC_IMPLEMENTATIONS = YES;
				CLANG_WARN_DIRECT_OBJC_ISA_USAGE = YES_ERROR;
				CLANG_WARN_DOCUMENTATION_COMMENTS = YES;
				CLANG_WARN_EMPTY_BODY = YES;
				CLANG_WARN_ENUM_CONVERSION = YES;
				CLANG_WARN_INFINITE_RECURSION = YES;
				CLANG_WARN_INT_CONVERSION = YES;
				CLANG_WARN_NON_LITERAL_NULL_CONVERSION = YES;
				CLANG_WARN_OBJC_IMPLICIT_RETAIN_SELF = YES;
				CLANG_WARN_OBJC_LITERAL_CONVERSION = YES;
				CLANG_WARN_OBJC_ROOT_CLASS = YES_ERROR;
				CLANG_WARN_QUOTED_INCLUDE_IN_FRAMEWORK_HEADER = YES;
				CLANG_WARN_RANGE_LOOP_ANALYSIS = YES;
				CLANG_WARN_STRICT_PROTOTYPES = YES;
				CLANG_WARN_SUSPICIOUS_MOVE = YES;
				CLANG_WARN_UNGUARDED_AVAILABILITY = YES_AGGRESSIVE;
				CLANG_WARN_UNREACHABLE_CODE = YES;
				CLANG_WARN__DUPLICATE_METHOD_MATCH = YES;
				COPY_PHASE_STRIP = NO;
				DEBUG_INFORMATION_FORMAT = dwarf;
				ENABLE_STRICT_OBJC_MSGSEND = YES;
				ENABLE_TESTABILITY = YES;
				GCC_C_LANGUAGE_STANDARD = gnu11;
				GCC_DYNAMIC_NO_PIC = NO;
				GCC_NO_COMMON_BLOCKS = YES;
				GCC_OPTIMIZATION_LEVEL = 0;
				GCC_PREPROCESSOR_DEFINITIONS = (
					"DEBUG=1",
					"$(inherited)",
				);
				GCC_WARN_64_TO_32_BIT_CONVERSION = YES;
				GCC_WARN_ABOUT_RETURN_TYPE = YES_ERROR;
				GCC_WARN_UNDECLARED_SELECTOR = YES;
				GCC_WARN_UNINITIALIZED_AUTOS = YES_AGGRESSIVE;
				GCC_WARN_UNUSED_FUNCTION = YES;
				GCC_WARN_UNUSED_VARIABLE = YES;
				IPHONEOS_DEPLOYMENT_TARGET = 16.2;
				MTL_ENABLE_DEBUG_INFO = INCLUDE_SOURCE;
				MTL_FAST_MATH = YES;
				ONLY_ACTIVE_ARCH = YES;
				SDKROOT = iphoneos;
				SWIFT_ACTIVE_COMPILATION_CONDITIONS = DEBUG;
				SWIFT_OPTIMIZATION_LEVEL = "-Onone";
			};
			name = Debug;
		};
		01CCF90729B64E3E00ABDC2C /* Release */ = {
			isa = XCBuildConfiguration;
			buildSettings = {
				ALWAYS_SEARCH_USER_PATHS = NO;
				CLANG_ANALYZER_NONNULL = YES;
				CLANG_ANALYZER_NUMBER_OBJECT_CONVERSION = YES_AGGRESSIVE;
				CLANG_CXX_LANGUAGE_STANDARD = "gnu++20";
				CLANG_ENABLE_MODULES = YES;
				CLANG_ENABLE_OBJC_ARC = YES;
				CLANG_ENABLE_OBJC_WEAK = YES;
				CLANG_WARN_BLOCK_CAPTURE_AUTORELEASING = YES;
				CLANG_WARN_BOOL_CONVERSION = YES;
				CLANG_WARN_COMMA = YES;
				CLANG_WARN_CONSTANT_CONVERSION = YES;
				CLANG_WARN_DEPRECATED_OBJC_IMPLEMENTATIONS = YES;
				CLANG_WARN_DIRECT_OBJC_ISA_USAGE = YES_ERROR;
				CLANG_WARN_DOCUMENTATION_COMMENTS = YES;
				CLANG_WARN_EMPTY_BODY = YES;
				CLANG_WARN_ENUM_CONVERSION = YES;
				CLANG_WARN_INFINITE_RECURSION = YES;
				CLANG_WARN_INT_CONVERSION = YES;
				CLANG_WARN_NON_LITERAL_NULL_CONVERSION = YES;
				CLANG_WARN_OBJC_IMPLICIT_RETAIN_SELF = YES;
				CLANG_WARN_OBJC_LITERAL_CONVERSION = YES;
				CLANG_WARN_OBJC_ROOT_CLASS = YES_ERROR;
				CLANG_WARN_QUOTED_INCLUDE_IN_FRAMEWORK_HEADER = YES;
				CLANG_WARN_RANGE_LOOP_ANALYSIS = YES;
				CLANG_WARN_STRICT_PROTOTYPES = YES;
				CLANG_WARN_SUSPICIOUS_MOVE = YES;
				CLANG_WARN_UNGUARDED_AVAILABILITY = YES_AGGRESSIVE;
				CLANG_WARN_UNREACHABLE_CODE = YES;
				CLANG_WARN__DUPLICATE_METHOD_MATCH = YES;
				COPY_PHASE_STRIP = NO;
				DEBUG_INFORMATION_FORMAT = "dwarf-with-dsym";
				ENABLE_NS_ASSERTIONS = NO;
				ENABLE_STRICT_OBJC_MSGSEND = YES;
				GCC_C_LANGUAGE_STANDARD = gnu11;
				GCC_NO_COMMON_BLOCKS = YES;
				GCC_WARN_64_TO_32_BIT_CONVERSION = YES;
				GCC_WARN_ABOUT_RETURN_TYPE = YES_ERROR;
				GCC_WARN_UNDECLARED_SELECTOR = YES;
				GCC_WARN_UNINITIALIZED_AUTOS = YES_AGGRESSIVE;
				GCC_WARN_UNUSED_FUNCTION = YES;
				GCC_WARN_UNUSED_VARIABLE = YES;
				IPHONEOS_DEPLOYMENT_TARGET = 16.2;
				MTL_ENABLE_DEBUG_INFO = NO;
				MTL_FAST_MATH = YES;
				SDKROOT = iphoneos;
				SWIFT_COMPILATION_MODE = wholemodule;
				SWIFT_OPTIMIZATION_LEVEL = "-O";
				VALIDATE_PRODUCT = YES;
			};
			name = Release;
		};
		01CCF90929B64E3E00ABDC2C /* Debug */ = {
			isa = XCBuildConfiguration;
			baseConfigurationReference = 3278292941D89A5786E71D44 /* Pods-GSDemo-Swift.debug.xcconfig */;
			buildSettings = {
				ASSETCATALOG_COMPILER_APPICON_NAME = AppIcon;
				ASSETCATALOG_COMPILER_GLOBAL_ACCENT_COLOR_NAME = AccentColor;
				CODE_SIGN_STYLE = Automatic;
				CURRENT_PROJECT_VERSION = 1;
				DEVELOPMENT_TEAM = DXSH86JF46;
				GENERATE_INFOPLIST_FILE = YES;
				INFOPLIST_FILE = "GSDemo-Swift/Info.plist";
				INFOPLIST_KEY_NSBluetoothAlwaysUsageDescription = "Bluetooth Always";
				INFOPLIST_KEY_NSLocationAlwaysAndWhenInUseUsageDescription = "Locaion When In Use";
				INFOPLIST_KEY_NSLocationAlwaysUsageDescription = "Location Always";
				INFOPLIST_KEY_NSLocationWhenInUseUsageDescription = "When In Use";
				INFOPLIST_KEY_UIApplicationSupportsIndirectInputEvents = YES;
				INFOPLIST_KEY_UILaunchStoryboardName = LaunchScreen;
				INFOPLIST_KEY_UIMainStoryboardFile = Main;
				INFOPLIST_KEY_UISupportedInterfaceOrientations = "UIInterfaceOrientationLandscapeLeft UIInterfaceOrientationLandscapeRight";
				IPHONEOS_DEPLOYMENT_TARGET = 13.0;
				LD_RUNPATH_SEARCH_PATHS = (
					"$(inherited)",
					"@executable_path/Frameworks",
				);
				MARKETING_VERSION = 1.0;
				PRODUCT_BUNDLE_IDENTIFIER = "com.thebigdev.GSDemo-Swift";
				PRODUCT_NAME = "$(TARGET_NAME)";
				SWIFT_EMIT_LOC_STRINGS = YES;
				SWIFT_VERSION = 5.0;
				TARGETED_DEVICE_FAMILY = "1,2";
			};
			name = Debug;
		};
		01CCF90A29B64E3E00ABDC2C /* Release */ = {
			isa = XCBuildConfiguration;
			baseConfigurationReference = 4EE1288561BDB72024F477EA /* Pods-GSDemo-Swift.release.xcconfig */;
			buildSettings = {
				ASSETCATALOG_COMPILER_APPICON_NAME = AppIcon;
				ASSETCATALOG_COMPILER_GLOBAL_ACCENT_COLOR_NAME = AccentColor;
				CODE_SIGN_STYLE = Automatic;
				CURRENT_PROJECT_VERSION = 1;
				DEVELOPMENT_TEAM = DXSH86JF46;
				GENERATE_INFOPLIST_FILE = YES;
				INFOPLIST_FILE = "GSDemo-Swift/Info.plist";
				INFOPLIST_KEY_NSBluetoothAlwaysUsageDescription = "Bluetooth Always";
				INFOPLIST_KEY_NSLocationAlwaysAndWhenInUseUsageDescription = "Locaion When In Use";
				INFOPLIST_KEY_NSLocationAlwaysUsageDescription = "Location Always";
				INFOPLIST_KEY_NSLocationWhenInUseUsageDescription = "When In Use";
				INFOPLIST_KEY_UIApplicationSupportsIndirectInputEvents = YES;
				INFOPLIST_KEY_UILaunchStoryboardName = LaunchScreen;
				INFOPLIST_KEY_UIMainStoryboardFile = Main;
				INFOPLIST_KEY_UISupportedInterfaceOrientations = "UIInterfaceOrientationLandscapeLeft UIInterfaceOrientationLandscapeRight";
				IPHONEOS_DEPLOYMENT_TARGET = 13.0;
				LD_RUNPATH_SEARCH_PATHS = (
					"$(inherited)",
					"@executable_path/Frameworks",
				);
				MARKETING_VERSION = 1.0;
				PRODUCT_BUNDLE_IDENTIFIER = "com.thebigdev.GSDemo-Swift";
				PRODUCT_NAME = "$(TARGET_NAME)";
				SWIFT_EMIT_LOC_STRINGS = YES;
				SWIFT_VERSION = 5.0;
				TARGETED_DEVICE_FAMILY = "1,2";
			};
			name = Release;
		};
/* End XCBuildConfiguration section */

/* Begin XCConfigurationList section */
		01CCF8EF29B64E3C00ABDC2C /* Build configuration list for PBXProject "GSDemo-Swift" */ = {
			isa = XCConfigurationList;
			buildConfigurations = (
				01CCF90629B64E3E00ABDC2C /* Debug */,
				01CCF90729B64E3E00ABDC2C /* Release */,
			);
			defaultConfigurationIsVisible = 0;
			defaultConfigurationName = Release;
		};
		01CCF90829B64E3E00ABDC2C /* Build configuration list for PBXNativeTarget "GSDemo-Swift" */ = {
			isa = XCConfigurationList;
			buildConfigurations = (
				01CCF90929B64E3E00ABDC2C /* Debug */,
				01CCF90A29B64E3E00ABDC2C /* Release */,
			);
			defaultConfigurationIsVisible = 0;
			defaultConfigurationName = Release;
		};
/* End XCConfigurationList section */
	};
	rootObject = 01CCF8EC29B64E3C00ABDC2C /* Project object */;
}
